
Microsoft Visual Studio Solution File, Format Version 12.00
# Visual Studio Version 16
VisualStudioVersion = 16.0.30621.155
MinimumVisualStudioVersion = 10.0.40219.1
Project("{9A19103F-16F7-4668-BE54-9A1E7A4F7556}") = "LegoArt", "LegoArt\LegoArt.csproj", "{1D754A7E-DB2F-4A79-83B8-BF64A7130CCC}"
EndProject
Project("{FAE04EC0-301F-11D3-BF4B-00C04F79EFBC}") = "LegoArtTool", "LegoArtTool\LegoArtTool.csproj", "{3FD681B9-FFDD-4906-B8C3-39B5EDAF3AD1}"
EndProject
Global
	GlobalSection(SolutionConfigurationPlatforms) = preSolution
		Debug|Any CPU = Debug|Any CPU
		Release|Any CPU = Release|Any CPU
	EndGlobalSection
	GlobalSection(ProjectConfigurationPlatforms) = postSolution
		{1D754A7E-DB2F-4A79-83B8-BF64A7130CCC}.Debug|Any CPU.ActiveCfg = Debug|Any CPU
		{1D754A7E-DB2F-4A79-83B8-BF64A7130CCC}.Debug|Any CPU.Build.0 = Debug|Any CPU
		{1D754A7E-DB2F-4A79-83B8-BF64A7130CCC}.Release|Any CPU.ActiveCfg = Release|Any CPU
		{1D754A7E-DB2F-4A79-83B8-BF64A7130CCC}.Release|Any CPU.Build.0 = Release|Any CPU
		{3FD681B9-FFDD-4906-B8C3-39B5EDAF3AD1}.Debug|Any CPU.ActiveCfg = Debug|Any CPU
		{3FD681B9-FFDD-4906-B8C3-39B5EDAF3AD1}.Debug|Any CPU.Build.0 = Debug|Any CPU
		{3FD681B9-FFDD-4906-B8C3-39B5EDAF3AD1}.Release|Any CPU.ActiveCfg = Release|Any CPU
		{3FD681B9-FFDD-4906-B8C3-39B5EDAF3AD1}.Release|Any CPU.Build.0 = Release|Any CPU
	EndGlobalSection
	GlobalSection(SolutionProperties) = preSolution
		HideSolutionNode = FALSE
	EndGlobalSection
	GlobalSection(ExtensibilityGlobals) = postSolution
		SolutionGuid = {E48F3C4B-F649-4D65-AE06-10725BDFF022}
	EndGlobalSection
EndGlobal
